// !$*UTF8*$!
{
	archiveVersion = 1;
	classes = {
	};
	objectVersion = 56;
	objects = {

/* Begin PBXBuildFile section */
		336445672A9231F300641496 /* HomeView.swift in Sources */ = {isa = PBXBuildFile; fileRef = 336445662A9231F300641496 /* HomeView.swift */; };
		336445692A92324C00641496 /* FavoritesView.swift in Sources */ = {isa = PBXBuildFile; fileRef = 336445682A92324C00641496 /* FavoritesView.swift */; };
		3364456B2A92326D00641496 /* SettingsView.swift in Sources */ = {isa = PBXBuildFile; fileRef = 3364456A2A92326D00641496 /* SettingsView.swift */; };
		3364456D2A92344F00641496 /* TabBar.swift in Sources */ = {isa = PBXBuildFile; fileRef = 3364456C2A92344F00641496 /* TabBar.swift */; };
		336445732A92436A00641496 /* RecipeModel.swift in Sources */ = {isa = PBXBuildFile; fileRef = 336445722A92436A00641496 /* RecipeModel.swift */; };
		3364457B2A985B6300641496 /* ApiTest.swift in Sources */ = {isa = PBXBuildFile; fileRef = 3364457A2A985B6300641496 /* ApiTest.swift */; };
		33BF537D2AB0976400D524CA /* MealsView.swift in Sources */ = {isa = PBXBuildFile; fileRef = 33BF537C2AB0976400D524CA /* MealsView.swift */; };
		33D9AFA12A9A8D77000427E4 /* Splash.swift in Sources */ = {isa = PBXBuildFile; fileRef = 33D9AFA02A9A8D77000427E4 /* Splash.swift */; };
		683A23982A83899600B47F25 /* SmartKitchenApp.swift in Sources */ = {isa = PBXBuildFile; fileRef = 683A23972A83899600B47F25 /* SmartKitchenApp.swift */; };
		683A239A2A83899600B47F25 /* ContentView.swift in Sources */ = {isa = PBXBuildFile; fileRef = 683A23992A83899600B47F25 /* ContentView.swift */; };
		683A239C2A83899700B47F25 /* Assets.xcassets in Resources */ = {isa = PBXBuildFile; fileRef = 683A239B2A83899700B47F25 /* Assets.xcassets */; };
		683A239F2A83899700B47F25 /* Preview Assets.xcassets in Resources */ = {isa = PBXBuildFile; fileRef = 683A239E2A83899700B47F25 /* Preview Assets.xcassets */; };
		684C1DC62A92182600D589F2 /* logo.png in Resources */ = {isa = PBXBuildFile; fileRef = 684C1DC52A92182600D589F2 /* logo.png */; };
/* End PBXBuildFile section */

/* Begin PBXFileReference section */
		336445662A9231F300641496 /* HomeView.swift */ = {isa = PBXFileReference; lastKnownFileType = sourcecode.swift; path = HomeView.swift; sourceTree = "<group>"; };
		336445682A92324C00641496 /* FavoritesView.swift */ = {isa = PBXFileReference; lastKnownFileType = sourcecode.swift; path = FavoritesView.swift; sourceTree = "<group>"; };
		3364456A2A92326D00641496 /* SettingsView.swift */ = {isa = PBXFileReference; lastKnownFileType = sourcecode.swift; path = SettingsView.swift; sourceTree = "<group>"; };
		3364456C2A92344F00641496 /* TabBar.swift */ = {isa = PBXFileReference; lastKnownFileType = sourcecode.swift; path = TabBar.swift; sourceTree = "<group>"; };
		336445722A92436A00641496 /* RecipeModel.swift */ = {isa = PBXFileReference; lastKnownFileType = sourcecode.swift; path = RecipeModel.swift; sourceTree = "<group>"; };
		3364457A2A985B6300641496 /* ApiTest.swift */ = {isa = PBXFileReference; lastKnownFileType = sourcecode.swift; path = ApiTest.swift; sourceTree = "<group>"; };
		33BF537C2AB0976400D524CA /* MealsView.swift */ = {isa = PBXFileReference; lastKnownFileType = sourcecode.swift; path = MealsView.swift; sourceTree = "<group>"; };
		33D9AFA02A9A8D77000427E4 /* Splash.swift */ = {isa = PBXFileReference; lastKnownFileType = sourcecode.swift; path = Splash.swift; sourceTree = "<group>"; };
		683A23942A83899600B47F25 /* SmartKitchen.app */ = {isa = PBXFileReference; explicitFileType = wrapper.application; includeInIndex = 0; path = SmartKitchen.app; sourceTree = BUILT_PRODUCTS_DIR; };
		683A23972A83899600B47F25 /* SmartKitchenApp.swift */ = {isa = PBXFileReference; lastKnownFileType = sourcecode.swift; path = SmartKitchenApp.swift; sourceTree = "<group>"; };
		683A23992A83899600B47F25 /* ContentView.swift */ = {isa = PBXFileReference; lastKnownFileType = sourcecode.swift; path = ContentView.swift; sourceTree = "<group>"; };
		683A239B2A83899700B47F25 /* Assets.xcassets */ = {isa = PBXFileReference; lastKnownFileType = folder.assetcatalog; path = Assets.xcassets; sourceTree = "<group>"; };
		683A239E2A83899700B47F25 /* Preview Assets.xcassets */ = {isa = PBXFileReference; lastKnownFileType = folder.assetcatalog; path = "Preview Assets.xcassets"; sourceTree = "<group>"; };
		684C1DC52A92182600D589F2 /* logo.png */ = {isa = PBXFileReference; lastKnownFileType = image.png; path = logo.png; sourceTree = "<group>"; };
/* End PBXFileReference section */

/* Begin PBXFrameworksBuildPhase section */
		683A23912A83899600B47F25 /* Frameworks */ = {
			isa = PBXFrameworksBuildPhase;
			buildActionMask = 2147483647;
			files = (
			);
			runOnlyForDeploymentPostprocessing = 0;
		};
/* End PBXFrameworksBuildPhase section */

/* Begin PBXGroup section */
		336445642A92317E00641496 /* Views */ = {
			isa = PBXGroup;
			children = (
				336445652A9231B800641496 /* Main */,
				336445702A92390A00641496 /* Detail */,
				336445712A92392300641496 /* Components */,
			);
			path = Views;
			sourceTree = "<group>";
		};
		336445652A9231B800641496 /* Main */ = {
			isa = PBXGroup;
			children = (
				683A23992A83899600B47F25 /* ContentView.swift */,
				336445662A9231F300641496 /* HomeView.swift */,
				336445682A92324C00641496 /* FavoritesView.swift */,
				3364456A2A92326D00641496 /* SettingsView.swift */,
				3364456C2A92344F00641496 /* TabBar.swift */,
				33BF537B2AB096EE00D524CA /* SubViews */,
			);
			path = Main;
			sourceTree = "<group>";
		};
		3364456E2A92387E00641496 /* Models */ = {
			isa = PBXGroup;
			children = (
				336445722A92436A00641496 /* RecipeModel.swift */,
				683A239B2A83899700B47F25 /* Assets.xcassets */,
			);
			path = Models;
			sourceTree = "<group>";
		};
		3364456F2A9238DD00641496 /* ViewModels */ = {
			isa = PBXGroup;
			children = (
			);
			path = ViewModels;
			sourceTree = "<group>";
		};
		336445702A92390A00641496 /* Detail */ = {
			isa = PBXGroup;
			children = (
			);
			path = Detail;
			sourceTree = "<group>";
		};
		336445712A92392300641496 /* Components */ = {
			isa = PBXGroup;
			children = (
				3364457A2A985B6300641496 /* ApiTest.swift */,
				33D9AFA02A9A8D77000427E4 /* Splash.swift */,
			);
			path = Components;
			sourceTree = "<group>";
		};
		33BF537B2AB096EE00D524CA /* SubViews */ = {
			isa = PBXGroup;
			children = (
				33BF537C2AB0976400D524CA /* MealsView.swift */,
			);
			path = SubViews;
			sourceTree = "<group>";
		};
		683A238B2A83899600B47F25 = {
			isa = PBXGroup;
			children = (
				683A23962A83899600B47F25 /* SmartKitchen */,
				683A23952A83899600B47F25 /* Products */,
			);
			sourceTree = "<group>";
		};
		683A23952A83899600B47F25 /* Products */ = {
			isa = PBXGroup;
			children = (
				683A23942A83899600B47F25 /* SmartKitchen.app */,
			);
			name = Products;
			sourceTree = "<group>";
		};
		683A23962A83899600B47F25 /* SmartKitchen */ = {
			isa = PBXGroup;
			children = (
				684C1DC42A92167600D589F2 /* Assets */,
				683A23972A83899600B47F25 /* SmartKitchenApp.swift */,
				336445642A92317E00641496 /* Views */,
				3364456F2A9238DD00641496 /* ViewModels */,
				3364456E2A92387E00641496 /* Models */,
				683A239D2A83899700B47F25 /* Preview Content */,
			);
			path = SmartKitchen;
			sourceTree = "<group>";
		};
		683A239D2A83899700B47F25 /* Preview Content */ = {
			isa = PBXGroup;
			children = (
				683A239E2A83899700B47F25 /* Preview Assets.xcassets */,
			);
			path = "Preview Content";
			sourceTree = "<group>";
		};
		684C1DC42A92167600D589F2 /* Assets */ = {
			isa = PBXGroup;
			children = (
				684C1DC52A92182600D589F2 /* logo.png */,
			);
			path = Assets;
			sourceTree = "<group>";
		};
/* End PBXGroup section */

/* Begin PBXNativeTarget section */
		683A23932A83899600B47F25 /* SmartKitchen */ = {
			isa = PBXNativeTarget;
			buildConfigurationList = 683A23A22A83899700B47F25 /* Build configuration list for PBXNativeTarget "SmartKitchen" */;
			buildPhases = (
				683A23902A83899600B47F25 /* Sources */,
				683A23912A83899600B47F25 /* Frameworks */,
				683A23922A83899600B47F25 /* Resources */,
			);
			buildRules = (
			);
			dependencies = (
			);
			name = SmartKitchen;
			productName = SmartKitchen;
			productReference = 683A23942A83899600B47F25 /* SmartKitchen.app */;
			productType = "com.apple.product-type.application";
		};
/* End PBXNativeTarget section */

/* Begin PBXProject section */
		683A238C2A83899600B47F25 /* Project object */ = {
			isa = PBXProject;
			attributes = {
				BuildIndependentTargetsInParallel = 1;
				LastSwiftUpdateCheck = 1430;
				LastUpgradeCheck = 1430;
				TargetAttributes = {
					683A23932A83899600B47F25 = {
						CreatedOnToolsVersion = 14.3.1;
					};
				};
			};
			buildConfigurationList = 683A238F2A83899600B47F25 /* Build configuration list for PBXProject "SmartKitchen" */;
			compatibilityVersion = "Xcode 14.0";
			developmentRegion = en;
			hasScannedForEncodings = 0;
			knownRegions = (
				en,
				Base,
			);
			mainGroup = 683A238B2A83899600B47F25;
			productRefGroup = 683A23952A83899600B47F25 /* Products */;
			projectDirPath = "";
			projectRoot = "";
			targets = (
				683A23932A83899600B47F25 /* SmartKitchen */,
			);
		};
/* End PBXProject section */

/* Begin PBXResourcesBuildPhase section */
		683A23922A83899600B47F25 /* Resources */ = {
			isa = PBXResourcesBuildPhase;
			buildActionMask = 2147483647;
			files = (
				683A239F2A83899700B47F25 /* Preview Assets.xcassets in Resources */,
				683A239C2A83899700B47F25 /* Assets.xcassets in Resources */,
				684C1DC62A92182600D589F2 /* logo.png in Resources */,
			);
			runOnlyForDeploymentPostprocessing = 0;
		};
/* End PBXResourcesBuildPhase section */

/* Begin PBXSourcesBuildPhase section */
		683A23902A83899600B47F25 /* Sources */ = {
			isa = PBXSourcesBuildPhase;
			buildActionMask = 2147483647;
			files = (
				336445732A92436A00641496 /* RecipeModel.swift in Sources */,
				3364456B2A92326D00641496 /* SettingsView.swift in Sources */,
				3364457B2A985B6300641496 /* ApiTest.swift in Sources */,
				336445692A92324C00641496 /* FavoritesView.swift in Sources */,
				336445672A9231F300641496 /* HomeView.swift in Sources */,
				3364456D2A92344F00641496 /* TabBar.swift in Sources */,
				683A239A2A83899600B47F25 /* ContentView.swift in Sources */,
				33BF537D2AB0976400D524CA /* MealsView.swift in Sources */,
				33D9AFA12A9A8D77000427E4 /* Splash.swift in Sources */,
				683A23982A83899600B47F25 /* SmartKitchenApp.swift in Sources */,
			);
			runOnlyForDeploymentPostprocessing = 0;
		};
/* End PBXSourcesBuildPhase section */

/* Begin XCBuildConfiguration section */
		683A23A02A83899700B47F25 /* Debug */ = {
			isa = XCBuildConfiguration;
			buildSettings = {
				ALWAYS_SEARCH_USER_PATHS = NO;
				CLANG_ANALYZER_NONNULL = YES;
				CLANG_ANALYZER_NUMBER_OBJECT_CONVERSION = YES_AGGRESSIVE;
				CLANG_CXX_LANGUAGE_STANDARD = "gnu++20";
				CLANG_ENABLE_MODULES = YES;
				CLANG_ENABLE_OBJC_ARC = YES;
				CLANG_ENABLE_OBJC_WEAK = YES;
				CLANG_WARN_BLOCK_CAPTURE_AUTORELEASING = YES;
				CLANG_WARN_BOOL_CONVERSION = YES;
				CLANG_WARN_COMMA = YES;
				CLANG_WARN_CONSTANT_CONVERSION = YES;
				CLANG_WARN_DEPRECATED_OBJC_IMPLEMENTATIONS = YES;
				CLANG_WARN_DIRECT_OBJC_ISA_USAGE = YES_ERROR;
				CLANG_WARN_DOCUMENTATION_COMMENTS = YES;
				CLANG_WARN_EMPTY_BODY = YES;
				CLANG_WARN_ENUM_CONVERSION = YES;
				CLANG_WARN_INFINITE_RECURSION = YES;
				CLANG_WARN_INT_CONVERSION = YES;
				CLANG_WARN_NON_LITERAL_NULL_CONVERSION = YES;
				CLANG_WARN_OBJC_IMPLICIT_RETAIN_SELF = YES;
				CLANG_WARN_OBJC_LITERAL_CONVERSION = YES;
				CLANG_WARN_OBJC_ROOT_CLASS = YES_ERROR;
				CLANG_WARN_QUOTED_INCLUDE_IN_FRAMEWORK_HEADER = YES;
				CLANG_WARN_RANGE_LOOP_ANALYSIS = YES;
				CLANG_WARN_STRICT_PROTOTYPES = YES;
				CLANG_WARN_SUSPICIOUS_MOVE = YES;
				CLANG_WARN_UNGUARDED_AVAILABILITY = YES_AGGRESSIVE;
				CLANG_WARN_UNREACHABLE_CODE = YES;
				CLANG_WARN__DUPLICATE_METHOD_MATCH = YES;
				COPY_PHASE_STRIP = NO;
				DEBUG_INFORMATION_FORMAT = dwarf;
				ENABLE_STRICT_OBJC_MSGSEND = YES;
				ENABLE_TESTABILITY = YES;
				GCC_C_LANGUAGE_STANDARD = gnu11;
				GCC_DYNAMIC_NO_PIC = NO;
				GCC_NO_COMMON_BLOCKS = YES;
				GCC_OPTIMIZATION_LEVEL = 0;
				GCC_PREPROCESSOR_DEFINITIONS = (
					"DEBUG=1",
					"$(inherited)",
				);
				GCC_WARN_64_TO_32_BIT_CONVERSION = YES;
				GCC_WARN_ABOUT_RETURN_TYPE = YES_ERROR;
				GCC_WARN_UNDECLARED_SELECTOR = YES;
				GCC_WARN_UNINITIALIZED_AUTOS = YES_AGGRESSIVE;
				GCC_WARN_UNUSED_FUNCTION = YES;
				GCC_WARN_UNUSED_VARIABLE = YES;
				IPHONEOS_DEPLOYMENT_TARGET = 16.4;
				MTL_ENABLE_DEBUG_INFO = INCLUDE_SOURCE;
				MTL_FAST_MATH = YES;
				ONLY_ACTIVE_ARCH = YES;
				SDKROOT = iphoneos;
				SWIFT_ACTIVE_COMPILATION_CONDITIONS = DEBUG;
				SWIFT_OPTIMIZATION_LEVEL = "-Onone";
			};
			name = Debug;
		};
		683A23A12A83899700B47F25 /* Release */ = {
			isa = XCBuildConfiguration;
			buildSettings = {
				ALWAYS_SEARCH_USER_PATHS = NO;
				CLANG_ANALYZER_NONNULL = YES;
				CLANG_ANALYZER_NUMBER_OBJECT_CONVERSION = YES_AGGRESSIVE;
				CLANG_CXX_LANGUAGE_STANDARD = "gnu++20";
				CLANG_ENABLE_MODULES = YES;
				CLANG_ENABLE_OBJC_ARC = YES;
				CLANG_ENABLE_OBJC_WEAK = YES;
				CLANG_WARN_BLOCK_CAPTURE_AUTORELEASING = YES;
				CLANG_WARN_BOOL_CONVERSION = YES;
				CLANG_WARN_COMMA = YES;
				CLANG_WARN_CONSTANT_CONVERSION = YES;
				CLANG_WARN_DEPRECATED_OBJC_IMPLEMENTATIONS = YES;
				CLANG_WARN_DIRECT_OBJC_ISA_USAGE = YES_ERROR;
				CLANG_WARN_DOCUMENTATION_COMMENTS = YES;
				CLANG_WARN_EMPTY_BODY = YES;
				CLANG_WARN_ENUM_CONVERSION = YES;
				CLANG_WARN_INFINITE_RECURSION = YES;
				CLANG_WARN_INT_CONVERSION = YES;
				CLANG_WARN_NON_LITERAL_NULL_CONVERSION = YES;
				CLANG_WARN_OBJC_IMPLICIT_RETAIN_SELF = YES;
				CLANG_WARN_OBJC_LITERAL_CONVERSION = YES;
				CLANG_WARN_OBJC_ROOT_CLASS = YES_ERROR;
				CLANG_WARN_QUOTED_INCLUDE_IN_FRAMEWORK_HEADER = YES;
				CLANG_WARN_RANGE_LOOP_ANALYSIS = YES;
				CLANG_WARN_STRICT_PROTOTYPES = YES;
				CLANG_WARN_SUSPICIOUS_MOVE = YES;
				CLANG_WARN_UNGUARDED_AVAILABILITY = YES_AGGRESSIVE;
				CLANG_WARN_UNREACHABLE_CODE = YES;
				CLANG_WARN__DUPLICATE_METHOD_MATCH = YES;
				COPY_PHASE_STRIP = NO;
				DEBUG_INFORMATION_FORMAT = "dwarf-with-dsym";
				ENABLE_NS_ASSERTIONS = NO;
				ENABLE_STRICT_OBJC_MSGSEND = YES;
				GCC_C_LANGUAGE_STANDARD = gnu11;
				GCC_NO_COMMON_BLOCKS = YES;
				GCC_WARN_64_TO_32_BIT_CONVERSION = YES;
				GCC_WARN_ABOUT_RETURN_TYPE = YES_ERROR;
				GCC_WARN_UNDECLARED_SELECTOR = YES;
				GCC_WARN_UNINITIALIZED_AUTOS = YES_AGGRESSIVE;
				GCC_WARN_UNUSED_FUNCTION = YES;
				GCC_WARN_UNUSED_VARIABLE = YES;
				IPHONEOS_DEPLOYMENT_TARGET = 16.4;
				MTL_ENABLE_DEBUG_INFO = NO;
				MTL_FAST_MATH = YES;
				SDKROOT = iphoneos;
				SWIFT_COMPILATION_MODE = wholemodule;
				SWIFT_OPTIMIZATION_LEVEL = "-O";
				VALIDATE_PRODUCT = YES;
			};
			name = Release;
		};
		683A23A32A83899700B47F25 /* Debug */ = {
			isa = XCBuildConfiguration;
			buildSettings = {
				ASSETCATALOG_COMPILER_APPICON_NAME = AppIcon;
				ASSETCATALOG_COMPILER_GLOBAL_ACCENT_COLOR_NAME = AccentColor;
				CODE_SIGN_STYLE = Automatic;
				CURRENT_PROJECT_VERSION = 1;
				DEVELOPMENT_ASSET_PATHS = "\"SmartKitchen/Preview Content\"";
				DEVELOPMENT_TEAM = 5N95MW8788;
				ENABLE_PREVIEWS = YES;
				GENERATE_INFOPLIST_FILE = YES;
				INFOPLIST_KEY_UIApplicationSceneManifest_Generation = YES;
				INFOPLIST_KEY_UIApplicationSupportsIndirectInputEvents = YES;
				INFOPLIST_KEY_UILaunchScreen_Generation = YES;
				INFOPLIST_KEY_UISupportedInterfaceOrientations_iPad = "UIInterfaceOrientationPortrait UIInterfaceOrientationPortraitUpsideDown UIInterfaceOrientationLandscapeLeft UIInterfaceOrientationLandscapeRight";
				INFOPLIST_KEY_UISupportedInterfaceOrientations_iPhone = "UIInterfaceOrientationPortrait UIInterfaceOrientationLandscapeLeft UIInterfaceOrientationLandscapeRight";
				LD_RUNPATH_SEARCH_PATHS = (
					"$(inherited)",
					"@executable_path/Frameworks",
				);
				MARKETING_VERSION = 1.0;
				PRODUCT_BUNDLE_IDENTIFIER = BST.SmartKitchen;
				PRODUCT_NAME = "$(TARGET_NAME)";
				SWIFT_EMIT_LOC_STRINGS = YES;
				SWIFT_VERSION = 5.0;
				TARGETED_DEVICE_FAMILY = "1,2";
			};
			name = Debug;
		};
		683A23A42A83899700B47F25 /* Release */ = {
			isa = XCBuildConfiguration;
			buildSettings = {
				ASSETCATALOG_COMPILER_APPICON_NAME = AppIcon;
				ASSETCATALOG_COMPILER_GLOBAL_ACCENT_COLOR_NAME = AccentColor;
				CODE_SIGN_STYLE = Automatic;
				CURRENT_PROJECT_VERSION = 1;
				DEVELOPMENT_ASSET_PATHS = "\"SmartKitchen/Preview Content\"";
				DEVELOPMENT_TEAM = 5N95MW8788;
				ENABLE_PREVIEWS = YES;
				GENERATE_INFOPLIST_FILE = YES;
				INFOPLIST_KEY_UIApplicationSceneManifest_Generation = YES;
				INFOPLIST_KEY_UIApplicationSupportsIndirectInputEvents = YES;
				INFOPLIST_KEY_UILaunchScreen_Generation = YES;
				INFOPLIST_KEY_UISupportedInterfaceOrientations_iPad = "UIInterfaceOrientationPortrait UIInterfaceOrientationPortraitUpsideDown UIInterfaceOrientationLandscapeLeft UIInterfaceOrientationLandscapeRight";
				INFOPLIST_KEY_UISupportedInterfaceOrientations_iPhone = "UIInterfaceOrientationPortrait UIInterfaceOrientationLandscapeLeft UIInterfaceOrientationLandscapeRight";
				LD_RUNPATH_SEARCH_PATHS = (
					"$(inherited)",
					"@executable_path/Frameworks",
				);
				MARKETING_VERSION = 1.0;
				PRODUCT_BUNDLE_IDENTIFIER = BST.SmartKitchen;
				PRODUCT_NAME = "$(TARGET_NAME)";
				SWIFT_EMIT_LOC_STRINGS = YES;
				SWIFT_VERSION = 5.0;
				TARGETED_DEVICE_FAMILY = "1,2";
			};
			name = Release;
		};
/* End XCBuildConfiguration section */

/* Begin XCConfigurationList section */
		683A238F2A83899600B47F25 /* Build configuration list for PBXProject "SmartKitchen" */ = {
			isa = XCConfigurationList;
			buildConfigurations = (
				683A23A02A83899700B47F25 /* Debug */,
				683A23A12A83899700B47F25 /* Release */,
			);
			defaultConfigurationIsVisible = 0;
			defaultConfigurationName = Release;
		};
		683A23A22A83899700B47F25 /* Build configuration list for PBXNativeTarget "SmartKitchen" */ = {
			isa = XCConfigurationList;
			buildConfigurations = (
				683A23A32A83899700B47F25 /* Debug */,
				683A23A42A83899700B47F25 /* Release */,
			);
			defaultConfigurationIsVisible = 0;
			defaultConfigurationName = Release;
		};
/* End XCConfigurationList section */
	};
	rootObject = 683A238C2A83899600B47F25 /* Project object */;
}
